
Microsoft Visual Studio Solution File, Format Version 12.00
# Visual Studio Version 16
VisualStudioVersion = 16.0.30128.74
MinimumVisualStudioVersion = 10.0.40219.1
Project("{9A19103F-16F7-4668-BE54-9A1E7A4F7556}") = "SniffCore.Navigation", "SniffCore.Navigation\SniffCore.Navigation.csproj", "{0BDBF3A9-A7A9-4A3C-AF27-7AAE9C3DA078}"
EndProject
Project("{9A19103F-16F7-4668-BE54-9A1E7A4F7556}") = "TryOut", "TryOut\TryOut.csproj", "{2E4BC2A6-35C0-452B-9CDC-93BC2CBFF09B}"
EndProject
Project("{2150E333-8FDC-42A3-9474-1A3956D46DE8}") = "Solution Items", "Solution Items", "{097C8DB0-416A-4A0D-A21F-8B6508FAC87F}"
	ProjectSection(SolutionItems) = preProject
		Icon.png = Icon.png
		LICENSE = LICENSE
		README.md = README.md
	EndProjectSection
EndProject
Project("{9A19103F-16F7-4668-BE54-9A1E7A4F7556}") = "SniffCore.Navigation.Tests", "SniffCore.Navigation.Tests\SniffCore.Navigation.Tests.csproj", "{48C4405C-BE17-4A51-AC54-C3ED29664DAF}"
EndProject
Global
	GlobalSection(SolutionConfigurationPlatforms) = preSolution
		Debug|Any CPU = Debug|Any CPU
		Release|Any CPU = Release|Any CPU
	EndGlobalSection
	GlobalSection(ProjectConfigurationPlatforms) = postSolution
		{0BDBF3A9-A7A9-4A3C-AF27-7AAE9C3DA078}.Debug|Any CPU.ActiveCfg = Debug|Any CPU
		{0BDBF3A9-A7A9-4A3C-AF27-7AAE9C3DA078}.Debug|Any CPU.Build.0 = Debug|Any CPU
		{0BDBF3A9-A7A9-4A3C-AF27-7AAE9C3DA078}.Release|Any CPU.ActiveCfg = Release|Any CPU
		{0BDBF3A9-A7A9-4A3C-AF27-7AAE9C3DA078}.Release|Any CPU.Build.0 = Release|Any CPU
		{2E4BC2A6-35C0-452B-9CDC-93BC2CBFF09B}.Debug|Any CPU.ActiveCfg = Debug|Any CPU
		{2E4BC2A6-35C0-452B-9CDC-93BC2CBFF09B}.Debug|Any CPU.Build.0 = Debug|Any CPU
		{2E4BC2A6-35C0-452B-9CDC-93BC2CBFF09B}.Release|Any CPU.ActiveCfg = Release|Any CPU
		{2E4BC2A6-35C0-452B-9CDC-93BC2CBFF09B}.Release|Any CPU.Build.0 = Release|Any CPU
		{48C4405C-BE17-4A51-AC54-C3ED29664DAF}.Debug|Any CPU.ActiveCfg = Debug|Any CPU
		{48C4405C-BE17-4A51-AC54-C3ED29664DAF}.Debug|Any CPU.Build.0 = Debug|Any CPU
		{48C4405C-BE17-4A51-AC54-C3ED29664DAF}.Release|Any CPU.ActiveCfg = Release|Any CPU
		{48C4405C-BE17-4A51-AC54-C3ED29664DAF}.Release|Any CPU.Build.0 = Release|Any CPU
	EndGlobalSection
	GlobalSection(SolutionProperties) = preSolution
		HideSolutionNode = FALSE
	EndGlobalSection
	GlobalSection(ExtensibilityGlobals) = postSolution
		SolutionGuid = {B5014322-5A59-4D19-948C-A13B0E38DE6D}
	EndGlobalSection
EndGlobal
